# This file is automatically @generated by Poetry 2.0.1 and should not be changed by hand.

[[package]]
name = "chialisp-builder"
version = "0.1.2"
description = "Allow on-demand builds of chialisp with recursive dependency checking."
optional = false
python-versions = "*"
groups = ["main"]
files = [
    {file = "chialisp_builder-0.1.2.tar.gz", hash = "sha256:658a8baf70ee8cdc0466c429173312be1ff05aace4852fc078c9bf1cfdd60d62"},
]

[package.dependencies]
clvm_tools_rs = "*"
runtime_builder = ">=0.1.3"

[[package]]
name = "chialisp-loader"
version = "0.1.2"
description = "Provides `load_puzzle` which dynamic rebuilds if `chialisp_builder` is available."
optional = false
python-versions = "*"
groups = ["main"]
files = [
    {file = "chialisp_loader-0.1.2.tar.gz", hash = "sha256:085080fc7d4a3fab90fe93db3c599391b869047846608da1ae92b54b4100e8a6"},
]

[package.dependencies]
clvm_rs = "*"
importlib_resources = "*"

[[package]]
name = "clvm-rs"
version = "0.16.1"
description = "Implementation of `clvm` for Chia Network's cryptocurrency"
optional = false
python-versions = "*"
groups = ["main"]
files = [
    {file = "clvm_rs-0.16.1-cp38-abi3-macosx_13_0_arm64.whl", hash = "sha256:aaaf643239d7b681b74e1093406a055bc7190b34586f2154d20ecadd18e6de96"},
    {file = "clvm_rs-0.16.1-cp38-abi3-macosx_13_0_x86_64.whl", hash = "sha256:256ce52acbdbb928b853358ddbb36d064eeddcdab7c4ad2b61e811b8019cf9c7"},
    {file = "clvm_rs-0.16.1-cp38-abi3-manylinux_2_28_aarch64.whl", hash = "sha256:28fc99ce4bacc649dffa6612ab0550690a6ab2654e4901f2a7c9ca5395a5f5fe"},
    {file = "clvm_rs-0.16.1-cp38-abi3-manylinux_2_28_x86_64.whl", hash = "sha256:21e977585fc4d80825e1bb4479ab43e5a6e730ec8e18560f793af4b9e8247843"},
    {file = "clvm_rs-0.16.1-cp38-abi3-win_amd64.whl", hash = "sha256:22031a6dd35a08aa3909e5db8cd57d46fbd22219265a68b51d24b8749bbd7b57"},
    {file = "clvm_rs-0.16.1.tar.gz", hash = "sha256:f260a6c3ce5aafe64ca5ab4e52bfbf1027b3b0383d03e016dd275a0a1e3d062a"},
]

[[package]]
name = "clvm-tools-rs"
version = "0.4.0"
description = "tools for working with chialisp language; compiler, repl, python and wasm bindings"
optional = false
python-versions = "*"
groups = ["main"]
files = [
    {file = "clvm_tools_rs-0.4.0-cp39-abi3-macosx_13_0_arm64.whl", hash = "sha256:4f2973b5e31c5844857757f9365881cbe698f578add5536a7bca325231df655c"},
    {file = "clvm_tools_rs-0.4.0-cp39-abi3-macosx_13_0_x86_64.whl", hash = "sha256:78a39bd07c093e85c93924d67b5847155bf6c52fe8d1510a8a8cf11de3bbbd32"},
    {file = "clvm_tools_rs-0.4.0-cp39-abi3-manylinux_2_28_aarch64.whl", hash = "sha256:82369052c2bb3a90df6120e8679d48fb2d9a546355be4acd73ebb0d3304b1726"},
    {file = "clvm_tools_rs-0.4.0-cp39-abi3-manylinux_2_28_x86_64.whl", hash = "sha256:3e8ff1aa203a8aa876391d72d2527af0980114a99b9ddbf2230b3ca4ff17ded3"},
    {file = "clvm_tools_rs-0.4.0-cp39-abi3-musllinux_1_1_x86_64.whl", hash = "sha256:5c469dfa29ae9936c53af575360025a1115d88bfc46f25b9ac1eabb2031dd1ce"},
    {file = "clvm_tools_rs-0.4.0-cp39-abi3-win_amd64.whl", hash = "sha256:759fd851dfe95d23ef7192c4a4c306de66230db703873d50d5d32e3040cfdf53"},
    {file = "clvm_tools_rs-0.4.0.tar.gz", hash = "sha256:81860b64bb0a67ec8b471d45632a2809c462356eacfbe3c2ccd9a53d9c4798dd"},
]

[[package]]
name = "importlib-resources"
version = "6.5.2"
description = "Read resources from Python packages"
optional = false
python-versions = ">=3.9"
groups = ["main"]
files = [
    {file = "importlib_resources-6.5.2-py3-none-any.whl", hash = "sha256:789cfdc3ed28c78b67a06acb8126751ced69a3d5f79c095a98298cd8a760ccec"},
    {file = "importlib_resources-6.5.2.tar.gz", hash = "sha256:185f87adef5bcc288449d98fb4fba07cea78bc036455dd44c5fc4a2fe78fed2c"},
]

[package.extras]
check = ["pytest-checkdocs (>=2.4)", "pytest-ruff (>=0.2.1)"]
cover = ["pytest-cov"]
doc = ["furo", "jaraco.packaging (>=9.3)", "jaraco.tidelift (>=1.4)", "rst.linker (>=1.9)", "sphinx (>=3.5)", "sphinx-lint"]
enabler = ["pytest-enabler (>=2.2)"]
test = ["jaraco.test (>=5.4)", "pytest (>=6,!=8.1.*)", "zipp (>=3.17)"]
type = ["pytest-mypy"]

[[package]]
name = "runtime-builder"
version = "0.1.5"
description = "Allow automatic builds in edit mode"
optional = false
python-versions = "*"
groups = ["main"]
files = [
    {file = "runtime_builder-0.1.5.tar.gz", hash = "sha256:c94256fc7112d4a392d7eadd701c490328d82ef308ee7807bd203b9cd58b3a1d"},
]

[package.dependencies]
importlib_resources = ">=6.1.1"

[metadata]
lock-version = "2.1"
python-versions = ">=3.11"
content-hash = "1b21c23fbe5d981833714ca3c4e9a343d298ee9e5082e4827e8c2a2b8e1b349f"
