# This file is automatically @generated by Poetry 1.8.2 and should not be changed by hand.

[[package]]
name = "chialisp-builder"
version = "0.1.2"
description = "Allow on-demand builds of chialisp with recursive dependency checking."
optional = false
python-versions = "*"
files = [
    {file = "chialisp_builder-0.1.2.tar.gz", hash = "sha256:658a8baf70ee8cdc0466c429173312be1ff05aace4852fc078c9bf1cfdd60d62"},
]

[package.dependencies]
clvm_tools_rs = "*"
runtime_builder = ">=0.1.3"

[[package]]
name = "chialisp-loader"
version = "0.1.2"
description = "Provides `load_puzzle` which dynamic rebuilds if `chialisp_builder` is available."
optional = false
python-versions = "*"
files = [
    {file = "chialisp_loader-0.1.2.tar.gz", hash = "sha256:085080fc7d4a3fab90fe93db3c599391b869047846608da1ae92b54b4100e8a6"},
]

[package.dependencies]
clvm_rs = "*"
importlib_resources = "*"

[[package]]
name = "clvm-rs"
version = "0.7.0"
description = "Implementation of `clvm` for Chia Network's cryptocurrency"
optional = false
python-versions = "*"
files = [
    {file = "clvm_rs-0.7.0-cp38-abi3-macosx_11_0_arm64.whl", hash = "sha256:d2b869f03d1c1385d0e3d5d24416e7c82ebe44b307de914683b4f90e6163e79e"},
    {file = "clvm_rs-0.7.0-cp38-abi3-manylinux_2_17_aarch64.manylinux2014_aarch64.whl", hash = "sha256:b1ec3de4d182ba9b2c1e374658141afa4bc5b746d1d939cd02dedf167a383715"},
    {file = "clvm_rs-0.7.0-cp38-abi3-manylinux_2_17_x86_64.manylinux2014_x86_64.whl", hash = "sha256:d4fcfec33af1ded7931cb19d0bf25e971ad645554c7683c18e990d8c2a60e9b8"},
    {file = "clvm_rs-0.7.0-cp38-abi3-win_amd64.whl", hash = "sha256:a723f35b4b268bfaf39bdb34cd4f3551ce55c72167e1dc64cb8f5018522644b9"},
    {file = "clvm_rs-0.7.0.tar.gz", hash = "sha256:92bdc3ad9d180ffb78b597c21b57e8708bce4586cb69163d4b0703a0bfc46ed5"},
]

[[package]]
name = "clvm-tools-rs"
version = "0.1.43"
description = "tools for working with chialisp language; compiler, repl, python and wasm bindings"
optional = false
python-versions = "*"
files = [
    {file = "clvm_tools_rs-0.1.43-cp38-abi3-macosx_11_0_arm64.whl", hash = "sha256:0dc68bdc7704d502d0193a9634764fffd2d618207b4a0260dbb32938881dad6c"},
    {file = "clvm_tools_rs-0.1.43-cp38-abi3-macosx_11_0_x86_64.whl", hash = "sha256:49f5065a64a560e9d5ffaf5d30f074cf65a1196a2d9c554724bfff646a8697cc"},
    {file = "clvm_tools_rs-0.1.43-cp38-abi3-manylinux_2_17_aarch64.manylinux2014_aarch64.whl", hash = "sha256:cbc10526fc6abd606d337f93ca89ea52e95e390134d6d15620a3ad9d1a122ba5"},
    {file = "clvm_tools_rs-0.1.43-cp38-abi3-manylinux_2_17_x86_64.manylinux2014_x86_64.whl", hash = "sha256:3548f9c870e20c1dcdf90820046803d3a9b487a12c0c5d0563031ae7677e64a8"},
    {file = "clvm_tools_rs-0.1.43-cp38-abi3-musllinux_1_1_x86_64.whl", hash = "sha256:0d905bb57c3fca1e9b227ed233974a630ac912929091287800c82fdd6a51150a"},
    {file = "clvm_tools_rs-0.1.43-cp38-abi3-win_amd64.whl", hash = "sha256:423915b4098d38112ed8e7b8fcac1eafacb7fb2ac11cf5c371d7853a85577d4f"},
]

[[package]]
name = "importlib-resources"
version = "6.4.0"
description = "Read resources from Python packages"
optional = false
python-versions = ">=3.8"
files = [
    {file = "importlib_resources-6.4.0-py3-none-any.whl", hash = "sha256:50d10f043df931902d4194ea07ec57960f66a80449ff867bfe782b4c486ba78c"},
    {file = "importlib_resources-6.4.0.tar.gz", hash = "sha256:cdb2b453b8046ca4e3798eb1d84f3cce1446a0e8e7b5ef4efb600f19fc398145"},
]

[package.extras]
docs = ["furo", "jaraco.packaging (>=9.3)", "jaraco.tidelift (>=1.4)", "rst.linker (>=1.9)", "sphinx (<7.2.5)", "sphinx (>=3.5)", "sphinx-lint"]
testing = ["jaraco.test (>=5.4)", "pytest (>=6)", "pytest-checkdocs (>=2.4)", "pytest-cov", "pytest-enabler (>=2.2)", "pytest-mypy", "pytest-ruff (>=0.2.1)", "zipp (>=3.17)"]

[[package]]
name = "runtime-builder"
version = "0.1.5"
description = "Allow automatic builds in edit mode"
optional = false
python-versions = "*"
files = [
    {file = "runtime_builder-0.1.5.tar.gz", hash = "sha256:c94256fc7112d4a392d7eadd701c490328d82ef308ee7807bd203b9cd58b3a1d"},
]

[package.dependencies]
importlib_resources = ">=6.1.1"

[metadata]
lock-version = "2.0"
python-versions = "^3.11"
content-hash = "93274708c0f489fccec4f9df834400af7ee8007c7d6eb7719970025b9b130029"
