# This file is automatically @generated by Poetry 2.1.4 and should not be changed by hand.

[[package]]
name = "chialisp"
version = "0.4.1"
description = "tools for working with chialisp language; compiler, repl, python and wasm bindings"
optional = false
python-versions = "*"
groups = ["main"]
files = [
    {file = "chialisp-0.4.1-cp39-abi3-macosx_13_0_arm64.whl", hash = "sha256:8f5847359869218053cdc2a326acd43b122e657bfa50de15af3a6b690f791444"},
    {file = "chialisp-0.4.1-cp39-abi3-macosx_13_0_x86_64.whl", hash = "sha256:c5a94ab4124d2d03416d9692d8e0542f547f8d27c3171811a90de6815db1f2f3"},
    {file = "chialisp-0.4.1-cp39-abi3-manylinux_2_28_aarch64.whl", hash = "sha256:ffb0e4627d64d160b6a49bdce356d2af16dae5c6eec818eba551aeb39525c830"},
    {file = "chialisp-0.4.1-cp39-abi3-manylinux_2_28_x86_64.whl", hash = "sha256:eae1724a6dde700b0e9e604d89712ebe62cbc1561099cc73b862037f99a3bc1d"},
    {file = "chialisp-0.4.1-cp39-abi3-musllinux_1_1_x86_64.whl", hash = "sha256:c750be324fbdc6fa8fb2aee575114bba5f7cea4dbcc856ce14e63c681e0bfaa7"},
    {file = "chialisp-0.4.1-cp39-abi3-win_amd64.whl", hash = "sha256:c3acc38e52edb0e36193194fd47b3f3c6cde9b84e2575cb20cc130f21f42c4fe"},
    {file = "chialisp-0.4.1.tar.gz", hash = "sha256:aeeea3ceea0c909424aed8fa34d091a1d04e14ecd49449d1bbf4dad38695e36d"},
]

[metadata]
lock-version = "2.1"
python-versions = ">=3.11,<3.14"
content-hash = "5b71c2aa4c129a37e504bcacd36578a12fee7cb0bf44076a41ecf75f9fb918a4"
